
Microsoft Visual Studio Solution File, Format Version 12.00
# Visual Studio Version 16
VisualStudioVersion = 16.0.30621.155
MinimumVisualStudioVersion = 10.0.40219.1
Project("{FAE04EC0-301F-11D3-BF4B-00C04F79EFBC}") = "Shop", "Shop\Shop.csproj", "{9EBA661F-008D-426D-866C-EFD606F63B75}"
EndProject
Global
	GlobalSection(SolutionConfigurationPlatforms) = preSolution
		Debug|Any CPU = Debug|Any CPU
		Release|Any CPU = Release|Any CPU
	EndGlobalSection
	GlobalSection(ProjectConfigurationPlatforms) = postSolution
		{9EBA661F-008D-426D-866C-EFD606F63B75}.Debug|Any CPU.ActiveCfg = Debug|Any CPU
		{9EBA661F-008D-426D-866C-EFD606F63B75}.Debug|Any CPU.Build.0 = Debug|Any CPU
		{9EBA661F-008D-426D-866C-EFD606F63B75}.Release|Any CPU.ActiveCfg = Release|Any CPU
		{9EBA661F-008D-426D-866C-EFD606F63B75}.Release|Any CPU.Build.0 = Release|Any CPU
	EndGlobalSection
	GlobalSection(SolutionProperties) = preSolution
		HideSolutionNode = FALSE
	EndGlobalSection
	GlobalSection(ExtensibilityGlobals) = postSolution
		SolutionGuid = {0C53D1E9-A479-4B67-96E9-053BB6860654}
	EndGlobalSection
EndGlobal
